
Microsoft Visual Studio Solution File, Format Version 12.00
# Visual Studio Version 17
VisualStudioVersion = 17.14.36301.6
MinimumVisualStudioVersion = 10.0.40219.1
Project("{FAE04EC0-301F-11D3-BF4B-00C04F79EFBC}") = "01_MainSubjects", "01_MainSubjects\01_MainSubjects.csproj", "{451ED9B0-7F56-4235-A21D-18B5DE47F723}"
EndProject
Project("{FAE04EC0-301F-11D3-BF4B-00C04F79EFBC}") = "02_Variables", "02_Variables\02_Variables.csproj", "{F488AA13-A953-49E9-8DBA-87CE3F5A3CC3}"
EndProject
Project("{FAE04EC0-301F-11D3-BF4B-00C04F79EFBC}") = "03_MakingDesicion", "03_MakingDesicion\03_MakingDesicion.csproj", "{21593CDF-347C-439C-9FAD-2947CC89280B}"
EndProject
Project("{FAE04EC0-301F-11D3-BF4B-00C04F79EFBC}") = "04_Loops", "04_Loops\04_Loops.csproj", "{10DC621B-9064-466F-9A4B-E25C06EEDF44}"
EndProject
Project("{FAE04EC0-301F-11D3-BF4B-00C04F79EFBC}") = "05_LoopsWithStars", "05_LoopsWithStars\05_LoopsWithStars.csproj", "{40FF48F1-629D-46B8-B600-565FD540259A}"
EndProject
Project("{FAE04EC0-301F-11D3-BF4B-00C04F79EFBC}") = "06_Arrays", "06_Arrays\06_Arrays.csproj", "{535654DE-59F5-4F34-82B0-1F1F6373712F}"
EndProject
Global
	GlobalSection(SolutionConfigurationPlatforms) = preSolution
		Debug|Any CPU = Debug|Any CPU
		Release|Any CPU = Release|Any CPU
	EndGlobalSection
	GlobalSection(ProjectConfigurationPlatforms) = postSolution
		{451ED9B0-7F56-4235-A21D-18B5DE47F723}.Debug|Any CPU.ActiveCfg = Debug|Any CPU
		{451ED9B0-7F56-4235-A21D-18B5DE47F723}.Debug|Any CPU.Build.0 = Debug|Any CPU
		{451ED9B0-7F56-4235-A21D-18B5DE47F723}.Release|Any CPU.ActiveCfg = Release|Any CPU
		{451ED9B0-7F56-4235-A21D-18B5DE47F723}.Release|Any CPU.Build.0 = Release|Any CPU
		{F488AA13-A953-49E9-8DBA-87CE3F5A3CC3}.Debug|Any CPU.ActiveCfg = Debug|Any CPU
		{F488AA13-A953-49E9-8DBA-87CE3F5A3CC3}.Debug|Any CPU.Build.0 = Debug|Any CPU
		{F488AA13-A953-49E9-8DBA-87CE3F5A3CC3}.Release|Any CPU.ActiveCfg = Release|Any CPU
		{F488AA13-A953-49E9-8DBA-87CE3F5A3CC3}.Release|Any CPU.Build.0 = Release|Any CPU
		{21593CDF-347C-439C-9FAD-2947CC89280B}.Debug|Any CPU.ActiveCfg = Debug|Any CPU
		{21593CDF-347C-439C-9FAD-2947CC89280B}.Debug|Any CPU.Build.0 = Debug|Any CPU
		{21593CDF-347C-439C-9FAD-2947CC89280B}.Release|Any CPU.ActiveCfg = Release|Any CPU
		{21593CDF-347C-439C-9FAD-2947CC89280B}.Release|Any CPU.Build.0 = Release|Any CPU
		{10DC621B-9064-466F-9A4B-E25C06EEDF44}.Debug|Any CPU.ActiveCfg = Debug|Any CPU
		{10DC621B-9064-466F-9A4B-E25C06EEDF44}.Debug|Any CPU.Build.0 = Debug|Any CPU
		{10DC621B-9064-466F-9A4B-E25C06EEDF44}.Release|Any CPU.ActiveCfg = Release|Any CPU
		{10DC621B-9064-466F-9A4B-E25C06EEDF44}.Release|Any CPU.Build.0 = Release|Any CPU
		{40FF48F1-629D-46B8-B600-565FD540259A}.Debug|Any CPU.ActiveCfg = Debug|Any CPU
		{40FF48F1-629D-46B8-B600-565FD540259A}.Debug|Any CPU.Build.0 = Debug|Any CPU
		{40FF48F1-629D-46B8-B600-565FD540259A}.Release|Any CPU.ActiveCfg = Release|Any CPU
		{40FF48F1-629D-46B8-B600-565FD540259A}.Release|Any CPU.Build.0 = Release|Any CPU
		{535654DE-59F5-4F34-82B0-1F1F6373712F}.Debug|Any CPU.ActiveCfg = Debug|Any CPU
		{535654DE-59F5-4F34-82B0-1F1F6373712F}.Debug|Any CPU.Build.0 = Debug|Any CPU
		{535654DE-59F5-4F34-82B0-1F1F6373712F}.Release|Any CPU.ActiveCfg = Release|Any CPU
		{535654DE-59F5-4F34-82B0-1F1F6373712F}.Release|Any CPU.Build.0 = Release|Any CPU
	EndGlobalSection
	GlobalSection(SolutionProperties) = preSolution
		HideSolutionNode = FALSE
	EndGlobalSection
	GlobalSection(ExtensibilityGlobals) = postSolution
		SolutionGuid = {565B5EA5-4A34-4909-8887-E1DF0298796B}
	EndGlobalSection
EndGlobal
